{
  "name": "cloudflare-bypasser",
  "version": "0.0.3",
  "lockfileVersion": 1,
  "requires": true,
  "dependencies": {
    "index.js": {
      "version": "0.0.3",
      "resolved": "https://registry.npmjs.org/index.js/-/index.js-0.0.3.tgz",
      "integrity": "sha1-JzOx9IbciQ7QJpiQJPWC2DXFI6w="
    }
  }
}
